Version: 1 

Orient: R90
Pad: CORNER0          NW  CORNERD
Pad: ipad_clk_p_i     N   
Pad: ipad_reset_n_i   N     
Pad: ipad_CoreVDD1    N   VCCKD
Pad: ipad_CoreVSS1    N   GNDKD
Pad: ipad_i_a         N   
Pad: ipad_i_prime     N   
Pad: ipad_i_mul       N   

Orient: R0 
Pad: CORNER1          NE  CORNERD 
Pad: ipad_IOVDD1      W   VCC3IOD
Pad: ipad_IOVSS1      W   GNDIOD 
Pad: ipad_i_Pointx    W   
Pad: ipad_i_Pointy    W  

Orient: R180
Pad: CORNER2          SW  CORNERD
Pad: ipad_o_data_valid S   
Pad: ipad_o_Pointx    S   
Pad: ipad_CoreVSS2    S   GNDKD
Pad: ipad_CoreVDD2    S   VCCKD
Pad: ipad_o_Pointy    S   

Orient: R270
Pad: CORNER3          SE  CORNERD   
Pad: ipad_IOVDD2      E   VCC3IOD
Pad: ipad_IOVSS2      E   GNDIOD
Pad: ipad_i_data_valid E   
Pad: ipad_i_mode      E   


